
Microsoft Visual Studio Solution File, Format Version 12.00
# Visual Studio 15
Project("{FAE04EC0-301F-11D3-BF4B-00C04F79EFBC}") = "UnityEngine.UI", "UnityEngine.UI.csproj", "{3AA53BC1-C308-8ED1-3A1E-84460F86F496}"
EndProject
Project("{FAE04EC0-301F-11D3-BF4B-00C04F79EFBC}") = "UnityEngine.TestRunner", "UnityEngine.TestRunner.csproj", "{A473BEEA-318D-A56D-FB1A-B6BBFCB54865}"
EndProject
Project("{FAE04EC0-301F-11D3-BF4B-00C04F79EFBC}") = "Unity.VisualScripting.Flow", "Unity.VisualScripting.Flow.csproj", "{507D8F83-CDAF-C262-78F6-F2E4AA8D4AFA}"
EndProject
Project("{FAE04EC0-301F-11D3-BF4B-00C04F79EFBC}") = "Unity.Mathematics", "Unity.Mathematics.csproj", "{4D3FD8E9-BE6A-B0CA-0114-F8E44B9C5D6A}"
EndProject
Project("{FAE04EC0-301F-11D3-BF4B-00C04F79EFBC}") = "Mirror.Transports", "Mirror.Transports.csproj", "{3EB4CF99-73B7-DD80-7771-B3055B3041D5}"
EndProject
Project("{FAE04EC0-301F-11D3-BF4B-00C04F79EFBC}") = "SimpleWebTransport", "SimpleWebTransport.csproj", "{392F1755-A4B3-E62F-1E35-35DAB9D8314A}"
EndProject
Project("{FAE04EC0-301F-11D3-BF4B-00C04F79EFBC}") = "Mirror.Examples", "Mirror.Examples.csproj", "{73E52DAF-0E93-3A80-E912-42B2567561DE}"
EndProject
Project("{FAE04EC0-301F-11D3-BF4B-00C04F79EFBC}") = "Unity.VisualScripting.State", "Unity.VisualScripting.State.csproj", "{C74090B6-B74A-C70A-B5B0-091D1206490F}"
EndProject
Project("{FAE04EC0-301F-11D3-BF4B-00C04F79EFBC}") = "Unity.VisualScripting.Core", "Unity.VisualScripting.Core.csproj", "{04E8B583-495D-F25A-BA24-E5728E25CBB0}"
EndProject
Project("{FAE04EC0-301F-11D3-BF4B-00C04F79EFBC}") = "Mirror", "Mirror.csproj", "{1FCD7463-6074-C7F6-5C9F-5290F5C310A7}"
EndProject
Project("{FAE04EC0-301F-11D3-BF4B-00C04F79EFBC}") = "Unity.Burst", "Unity.Burst.csproj", "{48AE711F-0D31-9204-E41D-E80F6B122791}"
EndProject
Project("{FAE04EC0-301F-11D3-BF4B-00C04F79EFBC}") = "Mirror.Components", "Mirror.Components.csproj", "{6A777015-37E7-FCC8-22B2-B3F7CC03AAFE}"
EndProject
Project("{FAE04EC0-301F-11D3-BF4B-00C04F79EFBC}") = "Unity.2D.Animation.Runtime", "Unity.2D.Animation.Runtime.csproj", "{72E06298-E47F-9D3F-13B9-AF360693D762}"
EndProject
Project("{FAE04EC0-301F-11D3-BF4B-00C04F79EFBC}") = "Unity.TextMeshPro", "Unity.TextMeshPro.csproj", "{99A8FD75-5887-59E2-3314-01FC250A5BB4}"
EndProject
Project("{FAE04EC0-301F-11D3-BF4B-00C04F79EFBC}") = "Unity.Timeline", "Unity.Timeline.csproj", "{54FA20C2-3BCC-BBA6-3824-8617D4E123B3}"
EndProject
Project("{FAE04EC0-301F-11D3-BF4B-00C04F79EFBC}") = "Unity.2D.SpriteShape.Runtime", "Unity.2D.SpriteShape.Runtime.csproj", "{CB6C0D36-7DBF-FEE5-32BF-36B8CD7A1244}"
EndProject
Project("{FAE04EC0-301F-11D3-BF4B-00C04F79EFBC}") = "Telepathy", "Telepathy.csproj", "{A232CB4D-144F-A95C-425A-20ACAAC578BD}"
EndProject
Project("{FAE04EC0-301F-11D3-BF4B-00C04F79EFBC}") = "Unity.2D.PixelPerfect", "Unity.2D.PixelPerfect.csproj", "{B8E2BE72-FDBD-1651-A7B8-C1F44DDB5FC5}"
EndProject
Project("{FAE04EC0-301F-11D3-BF4B-00C04F79EFBC}") = "kcp2k", "kcp2k.csproj", "{73F64ABC-007B-901B-3DD5-243E9C8D4368}"
EndProject
Project("{FAE04EC0-301F-11D3-BF4B-00C04F79EFBC}") = "Unity.2D.Common.Runtime", "Unity.2D.Common.Runtime.csproj", "{E2E18CC6-168C-1B55-378F-35504E167319}"
EndProject
Project("{FAE04EC0-301F-11D3-BF4B-00C04F79EFBC}") = "Unity.2D.IK.Runtime", "Unity.2D.IK.Runtime.csproj", "{8A2586E6-6BBB-6902-65D8-B59BE28E4921}"
EndProject
Project("{FAE04EC0-301F-11D3-BF4B-00C04F79EFBC}") = "Unity.2D.Tilemap.Extras", "Unity.2D.Tilemap.Extras.csproj", "{D1833657-AB08-0F67-9244-14F1B45801AB}"
EndProject
Project("{FAE04EC0-301F-11D3-BF4B-00C04F79EFBC}") = "Assembly-CSharp", "Assembly-CSharp.csproj", "{7B39237E-EB72-FD6B-2E8B-43A009CC29FC}"
EndProject
Project("{FAE04EC0-301F-11D3-BF4B-00C04F79EFBC}") = "Unity.InternalAPIEngineBridge.001", "Unity.InternalAPIEngineBridge.001.csproj", "{1748A079-016B-7124-2821-9C996892E525}"
EndProject
Project("{FAE04EC0-301F-11D3-BF4B-00C04F79EFBC}") = "Mirror.Authenticators", "Mirror.Authenticators.csproj", "{6E17A74C-BC83-1225-7E7B-DF967DD392E3}"
EndProject
Project("{FAE04EC0-301F-11D3-BF4B-00C04F79EFBC}") = "Unity.PlasticSCM.Editor", "Unity.PlasticSCM.Editor.csproj", "{7EE35BF3-0880-44CD-DB35-E13522655578}"
EndProject
Project("{FAE04EC0-301F-11D3-BF4B-00C04F79EFBC}") = "Unity.VisualScripting.Core.Editor", "Unity.VisualScripting.Core.Editor.csproj", "{93E67CDE-9C2A-E536-8B34-A8A2BC055331}"
EndProject
Project("{FAE04EC0-301F-11D3-BF4B-00C04F79EFBC}") = "Unity.VisualScripting.Flow.Editor", "Unity.VisualScripting.Flow.Editor.csproj", "{7F94DEAD-1802-D938-0ACC-D9C1A2D07E49}"
EndProject
Project("{FAE04EC0-301F-11D3-BF4B-00C04F79EFBC}") = "Mirror.Hosting", "Mirror.Hosting.csproj", "{36638F73-1A2A-AE00-5BC1-A0C4BC4761D1}"
EndProject
Project("{FAE04EC0-301F-11D3-BF4B-00C04F79EFBC}") = "Unity.VisualStudio.Editor", "Unity.VisualStudio.Editor.csproj", "{10ECC438-993C-FD3C-DD46-0176F43D77E0}"
EndProject
Project("{FAE04EC0-301F-11D3-BF4B-00C04F79EFBC}") = "Unity.Timeline.Editor", "Unity.Timeline.Editor.csproj", "{5B011C4F-C697-03FB-5F08-96550DE6CD54}"
EndProject
Project("{FAE04EC0-301F-11D3-BF4B-00C04F79EFBC}") = "Unity.VisualScripting.State.Editor", "Unity.VisualScripting.State.Editor.csproj", "{035188C7-9B95-B4B0-508C-E7F6FC28A842}"
EndProject
Project("{FAE04EC0-301F-11D3-BF4B-00C04F79EFBC}") = "Unity.TextMeshPro.Editor", "Unity.TextMeshPro.Editor.csproj", "{595D36BA-6746-F59F-69CC-5FBCA02DCB19}"
EndProject
Project("{FAE04EC0-301F-11D3-BF4B-00C04F79EFBC}") = "Unity.2D.PixelPerfect.Editor", "Unity.2D.PixelPerfect.Editor.csproj", "{41E83895-D50C-8A6D-6001-9F75F96EF228}"
EndProject
Project("{FAE04EC0-301F-11D3-BF4B-00C04F79EFBC}") = "Unity.2D.Animation.Editor", "Unity.2D.Animation.Editor.csproj", "{77F1C06E-AFAB-D8D5-91DE-9105B530D000}"
EndProject
Project("{FAE04EC0-301F-11D3-BF4B-00C04F79EFBC}") = "Unity.Mirror.CodeGen", "Unity.Mirror.CodeGen.csproj", "{0AC2CE00-959A-DBCD-63DB-DA29A77F7128}"
EndProject
Project("{FAE04EC0-301F-11D3-BF4B-00C04F79EFBC}") = "Unity.VisualScripting.SettingsProvider.Editor", "Unity.VisualScripting.SettingsProvider.Editor.csproj", "{185EC3C8-C132-5D59-5B2B-8FEA84933E54}"
EndProject
Project("{FAE04EC0-301F-11D3-BF4B-00C04F79EFBC}") = "Unity.2D.Psdimporter.Editor", "Unity.2D.Psdimporter.Editor.csproj", "{9ABCAAB1-7F9B-5F9E-F949-6B6F9028D4A9}"
EndProject
Project("{FAE04EC0-301F-11D3-BF4B-00C04F79EFBC}") = "UnityEditor.TestRunner", "UnityEditor.TestRunner.csproj", "{CC835DE8-ABDD-0A32-58BF-1ECEAF0FECD7}"
EndProject
Project("{FAE04EC0-301F-11D3-BF4B-00C04F79EFBC}") = "Unity.2D.Tilemap.Editor", "Unity.2D.Tilemap.Editor.csproj", "{24703F72-60E8-3D63-2321-3A51EAEE773E}"
EndProject
Project("{FAE04EC0-301F-11D3-BF4B-00C04F79EFBC}") = "Mirror.Editor", "Mirror.Editor.csproj", "{F6D5847E-E163-130D-6DC1-2E4B52DA041E}"
EndProject
Project("{FAE04EC0-301F-11D3-BF4B-00C04F79EFBC}") = "Unity.Rider.Editor", "Unity.Rider.Editor.csproj", "{1B734DC8-EC83-5A0A-8412-CCD9D288FDC6}"
EndProject
Project("{FAE04EC0-301F-11D3-BF4B-00C04F79EFBC}") = "Unity.2D.Path.Editor", "Unity.2D.Path.Editor.csproj", "{B62537EB-2428-FF58-D977-77E04EC061A1}"
EndProject
Project("{FAE04EC0-301F-11D3-BF4B-00C04F79EFBC}") = "PsdPlugin", "PsdPlugin.csproj", "{78A9343E-BB14-24F9-DE46-9574ADC0A6DE}"
EndProject
Project("{FAE04EC0-301F-11D3-BF4B-00C04F79EFBC}") = "Unity.2D.IK.Editor", "Unity.2D.IK.Editor.csproj", "{3339C7BC-E7B0-7457-63E7-F6D404C324C1}"
EndProject
Project("{FAE04EC0-301F-11D3-BF4B-00C04F79EFBC}") = "Unity.2D.SpriteShape.Editor", "Unity.2D.SpriteShape.Editor.csproj", "{6D712B86-6C8C-AAB0-27EF-9E3F05923314}"
EndProject
Project("{FAE04EC0-301F-11D3-BF4B-00C04F79EFBC}") = "Unity.Burst.CodeGen", "Unity.Burst.CodeGen.csproj", "{6232D3A5-C711-6DF7-A0BF-4DF2C9EAE050}"
EndProject
Project("{FAE04EC0-301F-11D3-BF4B-00C04F79EFBC}") = "Unity.VSCode.Editor", "Unity.VSCode.Editor.csproj", "{4B74FBFB-A7DF-E1EB-8365-0D24439EC5E3}"
EndProject
Project("{FAE04EC0-301F-11D3-BF4B-00C04F79EFBC}") = "Unity.2D.Sprite.Editor", "Unity.2D.Sprite.Editor.csproj", "{84687608-915C-BE92-1C36-5DAE9E0C4760}"
EndProject
Project("{FAE04EC0-301F-11D3-BF4B-00C04F79EFBC}") = "Mirror.CompilerSymbols", "Mirror.CompilerSymbols.csproj", "{ED06BD64-B3E3-B2A6-16B4-7C572A372752}"
EndProject
Project("{FAE04EC0-301F-11D3-BF4B-00C04F79EFBC}") = "UnityEditor.UI", "UnityEditor.UI.csproj", "{1F90DF3B-35AE-436C-08A4-91975358E435}"
EndProject
Project("{FAE04EC0-301F-11D3-BF4B-00C04F79EFBC}") = "Unity.2D.Common.Editor", "Unity.2D.Common.Editor.csproj", "{E74FB0D9-3B4C-8CD1-D6C0-E6C1A7D5E96E}"
EndProject
Project("{FAE04EC0-301F-11D3-BF4B-00C04F79EFBC}") = "Unity.CollabProxy.Editor", "Unity.CollabProxy.Editor.csproj", "{41317CEE-D22D-560E-99FE-8EC8DA7DBE7D}"
EndProject
Project("{FAE04EC0-301F-11D3-BF4B-00C04F79EFBC}") = "Unity.Mathematics.Editor", "Unity.Mathematics.Editor.csproj", "{B46E2D54-D64B-FFE3-A337-B5C29525030F}"
EndProject
Project("{FAE04EC0-301F-11D3-BF4B-00C04F79EFBC}") = "Unity.2D.Tilemap.Extras.Editor", "Unity.2D.Tilemap.Extras.Editor.csproj", "{AD718B5D-A5D2-8DEB-2B4B-4B1EFB0A2F86}"
EndProject
Project("{FAE04EC0-301F-11D3-BF4B-00C04F79EFBC}") = "Unity.Burst.Editor", "Unity.Burst.Editor.csproj", "{616EC664-6BC8-2F2C-7C7F-FF089E66936B}"
EndProject
Project("{FAE04EC0-301F-11D3-BF4B-00C04F79EFBC}") = "Unity.InternalAPIEditorBridge.001", "Unity.InternalAPIEditorBridge.001.csproj", "{D1311318-7BEB-39C5-9EC9-E962C964E1C9}"
EndProject
Project("{FAE04EC0-301F-11D3-BF4B-00C04F79EFBC}") = "Unity.VisualScripting.Shared.Editor", "Unity.VisualScripting.Shared.Editor.csproj", "{B9F36A54-DD4F-8732-DAC4-0778C3A1C115}"
EndProject
Project("{FAE04EC0-301F-11D3-BF4B-00C04F79EFBC}") = "EncryptionTransportEditor", "EncryptionTransportEditor.csproj", "{4AA14F67-96F7-A2FA-9EFD-996C1BEAF869}"
EndProject
Project("{FAE04EC0-301F-11D3-BF4B-00C04F79EFBC}") = "UnityEngine.UI", "UnityEngine.UI.Player.csproj", "{87D7852D-0612-9AF5-3989-8453AA53EC38}"
EndProject
Project("{FAE04EC0-301F-11D3-BF4B-00C04F79EFBC}") = "UnityEngine.TestRunner", "UnityEngine.TestRunner.Player.csproj", "{3D0ABC54-FA28-7BB4-A0AF-C0F12F5241E7}"
EndProject
Project("{FAE04EC0-301F-11D3-BF4B-00C04F79EFBC}") = "Unity.VisualScripting.Flow", "Unity.VisualScripting.Flow.Player.csproj", "{63A8979B-504E-E3D5-00E4-C6C2480B05AB}"
EndProject
Project("{FAE04EC0-301F-11D3-BF4B-00C04F79EFBC}") = "Unity.Mathematics", "Unity.Mathematics.Player.csproj", "{86A5CDA7-E63C-4D68-E6C7-28275F7CD659}"
EndProject
Project("{FAE04EC0-301F-11D3-BF4B-00C04F79EFBC}") = "Mirror.Transports", "Mirror.Transports.Player.csproj", "{58AE014C-AF7E-BCD0-BDC1-6EAE2837E1DA}"
EndProject
Project("{FAE04EC0-301F-11D3-BF4B-00C04F79EFBC}") = "SimpleWebTransport", "SimpleWebTransport.Player.csproj", "{05A92AD9-7EED-CC86-AD8D-0FD120904919}"
EndProject
Project("{FAE04EC0-301F-11D3-BF4B-00C04F79EFBC}") = "Mirror.Examples", "Mirror.Examples.Player.csproj", "{9036428F-C57B-1DDA-0CE9-787413F8FDD8}"
EndProject
Project("{FAE04EC0-301F-11D3-BF4B-00C04F79EFBC}") = "Unity.VisualScripting.State", "Unity.VisualScripting.State.Player.csproj", "{63D09F09-F285-99CD-2D73-0F1620FB0FEE}"
EndProject
Project("{FAE04EC0-301F-11D3-BF4B-00C04F79EFBC}") = "Unity.VisualScripting.Core", "Unity.VisualScripting.Core.Player.csproj", "{A4B51910-45C3-6D83-5019-5346217AFA4D}"
EndProject
Project("{FAE04EC0-301F-11D3-BF4B-00C04F79EFBC}") = "Mirror", "Mirror.Player.csproj", "{9FB95A85-028C-7FF0-88B3-D01822CF0380}"
EndProject
Project("{FAE04EC0-301F-11D3-BF4B-00C04F79EFBC}") = "Unity.Burst", "Unity.Burst.Player.csproj", "{20375D0C-6F6F-51BE-9B5C-77E5DBE36502}"
EndProject
Project("{FAE04EC0-301F-11D3-BF4B-00C04F79EFBC}") = "Mirror.Components", "Mirror.Components.Player.csproj", "{CC3F8AB6-7823-3069-B88F-9DC9719E7519}"
EndProject
Project("{FAE04EC0-301F-11D3-BF4B-00C04F79EFBC}") = "Unity.2D.Animation.Runtime", "Unity.2D.Animation.Runtime.Player.csproj", "{8204E05F-72DD-737F-631C-FFDF752148A0}"
EndProject
Project("{FAE04EC0-301F-11D3-BF4B-00C04F79EFBC}") = "Unity.TextMeshPro", "Unity.TextMeshPro.Player.csproj", "{7DDE1219-3F96-6C32-82D7-D3505AAB0D89}"
EndProject
Project("{FAE04EC0-301F-11D3-BF4B-00C04F79EFBC}") = "Unity.Timeline", "Unity.Timeline.Player.csproj", "{722E2DD5-FF35-188D-AD0C-68F4F82E12D0}"
EndProject
Project("{FAE04EC0-301F-11D3-BF4B-00C04F79EFBC}") = "Unity.2D.SpriteShape.Runtime", "Unity.2D.SpriteShape.Runtime.Player.csproj", "{ECF57706-1A2B-171A-9456-9B8D8D0E672F}"
EndProject
Project("{FAE04EC0-301F-11D3-BF4B-00C04F79EFBC}") = "Telepathy", "Telepathy.Player.csproj", "{745B1710-CDFC-8B81-555D-377D52A53626}"
EndProject
Project("{FAE04EC0-301F-11D3-BF4B-00C04F79EFBC}") = "Unity.2D.PixelPerfect", "Unity.2D.PixelPerfect.Player.csproj", "{FF18A9A0-2C2F-CC52-6393-9A20349BA118}"
EndProject
Project("{FAE04EC0-301F-11D3-BF4B-00C04F79EFBC}") = "kcp2k", "kcp2k.Player.csproj", "{4054BBF1-F302-BB39-0BAE-9B9F0CA3BE79}"
EndProject
Project("{FAE04EC0-301F-11D3-BF4B-00C04F79EFBC}") = "Unity.2D.Common.Runtime", "Unity.2D.Common.Runtime.Player.csproj", "{B9B12088-6D3B-A61B-4B0B-24BA3567E6E0}"
EndProject
Project("{FAE04EC0-301F-11D3-BF4B-00C04F79EFBC}") = "Unity.2D.IK.Runtime", "Unity.2D.IK.Runtime.Player.csproj", "{01D9047C-5ECC-62C6-C618-E1986DC59808}"
EndProject
Project("{FAE04EC0-301F-11D3-BF4B-00C04F79EFBC}") = "Unity.2D.Tilemap.Extras", "Unity.2D.Tilemap.Extras.Player.csproj", "{18465A63-21DC-7885-B75E-92388CF1C579}"
EndProject
Project("{FAE04EC0-301F-11D3-BF4B-00C04F79EFBC}") = "Assembly-CSharp", "Assembly-CSharp.Player.csproj", "{87BD9B47-30B5-3764-E8DC-7828E5D6DCC6}"
EndProject
Project("{FAE04EC0-301F-11D3-BF4B-00C04F79EFBC}") = "Unity.InternalAPIEngineBridge.001", "Unity.InternalAPIEngineBridge.001.Player.csproj", "{5EA2975F-5BF1-6976-0C4A-58D621415C39}"
EndProject
Project("{FAE04EC0-301F-11D3-BF4B-00C04F79EFBC}") = "Mirror.Authenticators", "Mirror.Authenticators.Player.csproj", "{C76C62D7-8DE7-5C4B-FFCC-E184E9685A5E}"
EndProject
Global
	GlobalSection(SolutionConfigurationPlatforms) = preSolution
		Debug|Any CPU = Debug|Any CPU
		Release|Any CPU = Release|Any CPU
	EndGlobalSection
	GlobalSection(ProjectConfigurationPlatforms) = postSolution
		{3AA53BC1-C308-8ED1-3A1E-84460F86F496}.Debug|Any CPU.ActiveCfg = Debug|Any CPU
		{3AA53BC1-C308-8ED1-3A1E-84460F86F496}.Debug|Any CPU.Build.0 = Debug|Any CPU
		{3AA53BC1-C308-8ED1-3A1E-84460F86F496}.Release|Any CPU.ActiveCfg = Release|Any CPU
		{3AA53BC1-C308-8ED1-3A1E-84460F86F496}.Release|Any CPU.Build.0 = Release|Any CPU
		{A473BEEA-318D-A56D-FB1A-B6BBFCB54865}.Debug|Any CPU.ActiveCfg = Debug|Any CPU
		{A473BEEA-318D-A56D-FB1A-B6BBFCB54865}.Debug|Any CPU.Build.0 = Debug|Any CPU
		{A473BEEA-318D-A56D-FB1A-B6BBFCB54865}.Release|Any CPU.ActiveCfg = Release|Any CPU
		{A473BEEA-318D-A56D-FB1A-B6BBFCB54865}.Release|Any CPU.Build.0 = Release|Any CPU
		{507D8F83-CDAF-C262-78F6-F2E4AA8D4AFA}.Debug|Any CPU.ActiveCfg = Debug|Any CPU
		{507D8F83-CDAF-C262-78F6-F2E4AA8D4AFA}.Debug|Any CPU.Build.0 = Debug|Any CPU
		{507D8F83-CDAF-C262-78F6-F2E4AA8D4AFA}.Release|Any CPU.ActiveCfg = Release|Any CPU
		{507D8F83-CDAF-C262-78F6-F2E4AA8D4AFA}.Release|Any CPU.Build.0 = Release|Any CPU
		{4D3FD8E9-BE6A-B0CA-0114-F8E44B9C5D6A}.Debug|Any CPU.ActiveCfg = Debug|Any CPU
		{4D3FD8E9-BE6A-B0CA-0114-F8E44B9C5D6A}.Debug|Any CPU.Build.0 = Debug|Any CPU
		{4D3FD8E9-BE6A-B0CA-0114-F8E44B9C5D6A}.Release|Any CPU.ActiveCfg = Release|Any CPU
		{4D3FD8E9-BE6A-B0CA-0114-F8E44B9C5D6A}.Release|Any CPU.Build.0 = Release|Any CPU
		{3EB4CF99-73B7-DD80-7771-B3055B3041D5}.Debug|Any CPU.ActiveCfg = Debug|Any CPU
		{3EB4CF99-73B7-DD80-7771-B3055B3041D5}.Debug|Any CPU.Build.0 = Debug|Any CPU
		{3EB4CF99-73B7-DD80-7771-B3055B3041D5}.Release|Any CPU.ActiveCfg = Release|Any CPU
		{3EB4CF99-73B7-DD80-7771-B3055B3041D5}.Release|Any CPU.Build.0 = Release|Any CPU
		{392F1755-A4B3-E62F-1E35-35DAB9D8314A}.Debug|Any CPU.ActiveCfg = Debug|Any CPU
		{392F1755-A4B3-E62F-1E35-35DAB9D8314A}.Debug|Any CPU.Build.0 = Debug|Any CPU
		{392F1755-A4B3-E62F-1E35-35DAB9D8314A}.Release|Any CPU.ActiveCfg = Release|Any CPU
		{392F1755-A4B3-E62F-1E35-35DAB9D8314A}.Release|Any CPU.Build.0 = Release|Any CPU
		{73E52DAF-0E93-3A80-E912-42B2567561DE}.Debug|Any CPU.ActiveCfg = Debug|Any CPU
		{73E52DAF-0E93-3A80-E912-42B2567561DE}.Debug|Any CPU.Build.0 = Debug|Any CPU
		{73E52DAF-0E93-3A80-E912-42B2567561DE}.Release|Any CPU.ActiveCfg = Release|Any CPU
		{73E52DAF-0E93-3A80-E912-42B2567561DE}.Release|Any CPU.Build.0 = Release|Any CPU
		{C74090B6-B74A-C70A-B5B0-091D1206490F}.Debug|Any CPU.ActiveCfg = Debug|Any CPU
		{C74090B6-B74A-C70A-B5B0-091D1206490F}.Debug|Any CPU.Build.0 = Debug|Any CPU
		{C74090B6-B74A-C70A-B5B0-091D1206490F}.Release|Any CPU.ActiveCfg = Release|Any CPU
		{C74090B6-B74A-C70A-B5B0-091D1206490F}.Release|Any CPU.Build.0 = Release|Any CPU
		{04E8B583-495D-F25A-BA24-E5728E25CBB0}.Debug|Any CPU.ActiveCfg = Debug|Any CPU
		{04E8B583-495D-F25A-BA24-E5728E25CBB0}.Debug|Any CPU.Build.0 = Debug|Any CPU
		{04E8B583-495D-F25A-BA24-E5728E25CBB0}.Release|Any CPU.ActiveCfg = Release|Any CPU
		{04E8B583-495D-F25A-BA24-E5728E25CBB0}.Release|Any CPU.Build.0 = Release|Any CPU
		{1FCD7463-6074-C7F6-5C9F-5290F5C310A7}.Debug|Any CPU.ActiveCfg = Debug|Any CPU
		{1FCD7463-6074-C7F6-5C9F-5290F5C310A7}.Debug|Any CPU.Build.0 = Debug|Any CPU
		{1FCD7463-6074-C7F6-5C9F-5290F5C310A7}.Release|Any CPU.ActiveCfg = Release|Any CPU
		{1FCD7463-6074-C7F6-5C9F-5290F5C310A7}.Release|Any CPU.Build.0 = Release|Any CPU
		{48AE711F-0D31-9204-E41D-E80F6B122791}.Debug|Any CPU.ActiveCfg = Debug|Any CPU
		{48AE711F-0D31-9204-E41D-E80F6B122791}.Debug|Any CPU.Build.0 = Debug|Any CPU
		{48AE711F-0D31-9204-E41D-E80F6B122791}.Release|Any CPU.ActiveCfg = Release|Any CPU
		{48AE711F-0D31-9204-E41D-E80F6B122791}.Release|Any CPU.Build.0 = Release|Any CPU
		{6A777015-37E7-FCC8-22B2-B3F7CC03AAFE}.Debug|Any CPU.ActiveCfg = Debug|Any CPU
		{6A777015-37E7-FCC8-22B2-B3F7CC03AAFE}.Debug|Any CPU.Build.0 = Debug|Any CPU
		{6A777015-37E7-FCC8-22B2-B3F7CC03AAFE}.Release|Any CPU.ActiveCfg = Release|Any CPU
		{6A777015-37E7-FCC8-22B2-B3F7CC03AAFE}.Release|Any CPU.Build.0 = Release|Any CPU
		{72E06298-E47F-9D3F-13B9-AF360693D762}.Debug|Any CPU.ActiveCfg = Debug|Any CPU
		{72E06298-E47F-9D3F-13B9-AF360693D762}.Debug|Any CPU.Build.0 = Debug|Any CPU
		{72E06298-E47F-9D3F-13B9-AF360693D762}.Release|Any CPU.ActiveCfg = Release|Any CPU
		{72E06298-E47F-9D3F-13B9-AF360693D762}.Release|Any CPU.Build.0 = Release|Any CPU
		{99A8FD75-5887-59E2-3314-01FC250A5BB4}.Debug|Any CPU.ActiveCfg = Debug|Any CPU
		{99A8FD75-5887-59E2-3314-01FC250A5BB4}.Debug|Any CPU.Build.0 = Debug|Any CPU
		{99A8FD75-5887-59E2-3314-01FC250A5BB4}.Release|Any CPU.ActiveCfg = Release|Any CPU
		{99A8FD75-5887-59E2-3314-01FC250A5BB4}.Release|Any CPU.Build.0 = Release|Any CPU
		{54FA20C2-3BCC-BBA6-3824-8617D4E123B3}.Debug|Any CPU.ActiveCfg = Debug|Any CPU
		{54FA20C2-3BCC-BBA6-3824-8617D4E123B3}.Debug|Any CPU.Build.0 = Debug|Any CPU
		{54FA20C2-3BCC-BBA6-3824-8617D4E123B3}.Release|Any CPU.ActiveCfg = Release|Any CPU
		{54FA20C2-3BCC-BBA6-3824-8617D4E123B3}.Release|Any CPU.Build.0 = Release|Any CPU
		{CB6C0D36-7DBF-FEE5-32BF-36B8CD7A1244}.Debug|Any CPU.ActiveCfg = Debug|Any CPU
		{CB6C0D36-7DBF-FEE5-32BF-36B8CD7A1244}.Debug|Any CPU.Build.0 = Debug|Any CPU
		{CB6C0D36-7DBF-FEE5-32BF-36B8CD7A1244}.Release|Any CPU.ActiveCfg = Release|Any CPU
		{CB6C0D36-7DBF-FEE5-32BF-36B8CD7A1244}.Release|Any CPU.Build.0 = Release|Any CPU
		{A232CB4D-144F-A95C-425A-20ACAAC578BD}.Debug|Any CPU.ActiveCfg = Debug|Any CPU
		{A232CB4D-144F-A95C-425A-20ACAAC578BD}.Debug|Any CPU.Build.0 = Debug|Any CPU
		{A232CB4D-144F-A95C-425A-20ACAAC578BD}.Release|Any CPU.ActiveCfg = Release|Any CPU
		{A232CB4D-144F-A95C-425A-20ACAAC578BD}.Release|Any CPU.Build.0 = Release|Any CPU
		{B8E2BE72-FDBD-1651-A7B8-C1F44DDB5FC5}.Debug|Any CPU.ActiveCfg = Debug|Any CPU
		{B8E2BE72-FDBD-1651-A7B8-C1F44DDB5FC5}.Debug|Any CPU.Build.0 = Debug|Any CPU
		{B8E2BE72-FDBD-1651-A7B8-C1F44DDB5FC5}.Release|Any CPU.ActiveCfg = Release|Any CPU
		{B8E2BE72-FDBD-1651-A7B8-C1F44DDB5FC5}.Release|Any CPU.Build.0 = Release|Any CPU
		{73F64ABC-007B-901B-3DD5-243E9C8D4368}.Debug|Any CPU.ActiveCfg = Debug|Any CPU
		{73F64ABC-007B-901B-3DD5-243E9C8D4368}.Debug|Any CPU.Build.0 = Debug|Any CPU
		{73F64ABC-007B-901B-3DD5-243E9C8D4368}.Release|Any CPU.ActiveCfg = Release|Any CPU
		{73F64ABC-007B-901B-3DD5-243E9C8D4368}.Release|Any CPU.Build.0 = Release|Any CPU
		{E2E18CC6-168C-1B55-378F-35504E167319}.Debug|Any CPU.ActiveCfg = Debug|Any CPU
		{E2E18CC6-168C-1B55-378F-35504E167319}.Debug|Any CPU.Build.0 = Debug|Any CPU
		{E2E18CC6-168C-1B55-378F-35504E167319}.Release|Any CPU.ActiveCfg = Release|Any CPU
		{E2E18CC6-168C-1B55-378F-35504E167319}.Release|Any CPU.Build.0 = Release|Any CPU
		{8A2586E6-6BBB-6902-65D8-B59BE28E4921}.Debug|Any CPU.ActiveCfg = Debug|Any CPU
		{8A2586E6-6BBB-6902-65D8-B59BE28E4921}.Debug|Any CPU.Build.0 = Debug|Any CPU
		{8A2586E6-6BBB-6902-65D8-B59BE28E4921}.Release|Any CPU.ActiveCfg = Release|Any CPU
		{8A2586E6-6BBB-6902-65D8-B59BE28E4921}.Release|Any CPU.Build.0 = Release|Any CPU
		{D1833657-AB08-0F67-9244-14F1B45801AB}.Debug|Any CPU.ActiveCfg = Debug|Any CPU
		{D1833657-AB08-0F67-9244-14F1B45801AB}.Debug|Any CPU.Build.0 = Debug|Any CPU
		{D1833657-AB08-0F67-9244-14F1B45801AB}.Release|Any CPU.ActiveCfg = Release|Any CPU
		{D1833657-AB08-0F67-9244-14F1B45801AB}.Release|Any CPU.Build.0 = Release|Any CPU
		{7B39237E-EB72-FD6B-2E8B-43A009CC29FC}.Debug|Any CPU.ActiveCfg = Debug|Any CPU
		{7B39237E-EB72-FD6B-2E8B-43A009CC29FC}.Debug|Any CPU.Build.0 = Debug|Any CPU
		{7B39237E-EB72-FD6B-2E8B-43A009CC29FC}.Release|Any CPU.ActiveCfg = Release|Any CPU
		{7B39237E-EB72-FD6B-2E8B-43A009CC29FC}.Release|Any CPU.Build.0 = Release|Any CPU
		{1748A079-016B-7124-2821-9C996892E525}.Debug|Any CPU.ActiveCfg = Debug|Any CPU
		{1748A079-016B-7124-2821-9C996892E525}.Debug|Any CPU.Build.0 = Debug|Any CPU
		{1748A079-016B-7124-2821-9C996892E525}.Release|Any CPU.ActiveCfg = Release|Any CPU
		{1748A079-016B-7124-2821-9C996892E525}.Release|Any CPU.Build.0 = Release|Any CPU
		{6E17A74C-BC83-1225-7E7B-DF967DD392E3}.Debug|Any CPU.ActiveCfg = Debug|Any CPU
		{6E17A74C-BC83-1225-7E7B-DF967DD392E3}.Debug|Any CPU.Build.0 = Debug|Any CPU
		{6E17A74C-BC83-1225-7E7B-DF967DD392E3}.Release|Any CPU.ActiveCfg = Release|Any CPU
		{6E17A74C-BC83-1225-7E7B-DF967DD392E3}.Release|Any CPU.Build.0 = Release|Any CPU
		{7EE35BF3-0880-44CD-DB35-E13522655578}.Debug|Any CPU.ActiveCfg = Debug|Any CPU
		{7EE35BF3-0880-44CD-DB35-E13522655578}.Debug|Any CPU.Build.0 = Debug|Any CPU
		{7EE35BF3-0880-44CD-DB35-E13522655578}.Release|Any CPU.ActiveCfg = Release|Any CPU
		{7EE35BF3-0880-44CD-DB35-E13522655578}.Release|Any CPU.Build.0 = Release|Any CPU
		{93E67CDE-9C2A-E536-8B34-A8A2BC055331}.Debug|Any CPU.ActiveCfg = Debug|Any CPU
		{93E67CDE-9C2A-E536-8B34-A8A2BC055331}.Debug|Any CPU.Build.0 = Debug|Any CPU
		{93E67CDE-9C2A-E536-8B34-A8A2BC055331}.Release|Any CPU.ActiveCfg = Release|Any CPU
		{93E67CDE-9C2A-E536-8B34-A8A2BC055331}.Release|Any CPU.Build.0 = Release|Any CPU
		{7F94DEAD-1802-D938-0ACC-D9C1A2D07E49}.Debug|Any CPU.ActiveCfg = Debug|Any CPU
		{7F94DEAD-1802-D938-0ACC-D9C1A2D07E49}.Debug|Any CPU.Build.0 = Debug|Any CPU
		{7F94DEAD-1802-D938-0ACC-D9C1A2D07E49}.Release|Any CPU.ActiveCfg = Release|Any CPU
		{7F94DEAD-1802-D938-0ACC-D9C1A2D07E49}.Release|Any CPU.Build.0 = Release|Any CPU
		{36638F73-1A2A-AE00-5BC1-A0C4BC4761D1}.Debug|Any CPU.ActiveCfg = Debug|Any CPU
		{36638F73-1A2A-AE00-5BC1-A0C4BC4761D1}.Debug|Any CPU.Build.0 = Debug|Any CPU
		{36638F73-1A2A-AE00-5BC1-A0C4BC4761D1}.Release|Any CPU.ActiveCfg = Release|Any CPU
		{36638F73-1A2A-AE00-5BC1-A0C4BC4761D1}.Release|Any CPU.Build.0 = Release|Any CPU
		{10ECC438-993C-FD3C-DD46-0176F43D77E0}.Debug|Any CPU.ActiveCfg = Debug|Any CPU
		{10ECC438-993C-FD3C-DD46-0176F43D77E0}.Debug|Any CPU.Build.0 = Debug|Any CPU
		{10ECC438-993C-FD3C-DD46-0176F43D77E0}.Release|Any CPU.ActiveCfg = Release|Any CPU
		{10ECC438-993C-FD3C-DD46-0176F43D77E0}.Release|Any CPU.Build.0 = Release|Any CPU
		{5B011C4F-C697-03FB-5F08-96550DE6CD54}.Debug|Any CPU.ActiveCfg = Debug|Any CPU
		{5B011C4F-C697-03FB-5F08-96550DE6CD54}.Debug|Any CPU.Build.0 = Debug|Any CPU
		{5B011C4F-C697-03FB-5F08-96550DE6CD54}.Release|Any CPU.ActiveCfg = Release|Any CPU
		{5B011C4F-C697-03FB-5F08-96550DE6CD54}.Release|Any CPU.Build.0 = Release|Any CPU
		{035188C7-9B95-B4B0-508C-E7F6FC28A842}.Debug|Any CPU.ActiveCfg = Debug|Any CPU
		{035188C7-9B95-B4B0-508C-E7F6FC28A842}.Debug|Any CPU.Build.0 = Debug|Any CPU
		{035188C7-9B95-B4B0-508C-E7F6FC28A842}.Release|Any CPU.ActiveCfg = Release|Any CPU
		{035188C7-9B95-B4B0-508C-E7F6FC28A842}.Release|Any CPU.Build.0 = Release|Any CPU
		{595D36BA-6746-F59F-69CC-5FBCA02DCB19}.Debug|Any CPU.ActiveCfg = Debug|Any CPU
		{595D36BA-6746-F59F-69CC-5FBCA02DCB19}.Debug|Any CPU.Build.0 = Debug|Any CPU
		{595D36BA-6746-F59F-69CC-5FBCA02DCB19}.Release|Any CPU.ActiveCfg = Release|Any CPU
		{595D36BA-6746-F59F-69CC-5FBCA02DCB19}.Release|Any CPU.Build.0 = Release|Any CPU
		{41E83895-D50C-8A6D-6001-9F75F96EF228}.Debug|Any CPU.ActiveCfg = Debug|Any CPU
		{41E83895-D50C-8A6D-6001-9F75F96EF228}.Debug|Any CPU.Build.0 = Debug|Any CPU
		{41E83895-D50C-8A6D-6001-9F75F96EF228}.Release|Any CPU.ActiveCfg = Release|Any CPU
		{41E83895-D50C-8A6D-6001-9F75F96EF228}.Release|Any CPU.Build.0 = Release|Any CPU
		{77F1C06E-AFAB-D8D5-91DE-9105B530D000}.Debug|Any CPU.ActiveCfg = Debug|Any CPU
		{77F1C06E-AFAB-D8D5-91DE-9105B530D000}.Debug|Any CPU.Build.0 = Debug|Any CPU
		{77F1C06E-AFAB-D8D5-91DE-9105B530D000}.Release|Any CPU.ActiveCfg = Release|Any CPU
		{77F1C06E-AFAB-D8D5-91DE-9105B530D000}.Release|Any CPU.Build.0 = Release|Any CPU
		{0AC2CE00-959A-DBCD-63DB-DA29A77F7128}.Debug|Any CPU.ActiveCfg = Debug|Any CPU
		{0AC2CE00-959A-DBCD-63DB-DA29A77F7128}.Debug|Any CPU.Build.0 = Debug|Any CPU
		{0AC2CE00-959A-DBCD-63DB-DA29A77F7128}.Release|Any CPU.ActiveCfg = Release|Any CPU
		{0AC2CE00-959A-DBCD-63DB-DA29A77F7128}.Release|Any CPU.Build.0 = Release|Any CPU
		{185EC3C8-C132-5D59-5B2B-8FEA84933E54}.Debug|Any CPU.ActiveCfg = Debug|Any CPU
		{185EC3C8-C132-5D59-5B2B-8FEA84933E54}.Debug|Any CPU.Build.0 = Debug|Any CPU
		{185EC3C8-C132-5D59-5B2B-8FEA84933E54}.Release|Any CPU.ActiveCfg = Release|Any CPU
		{185EC3C8-C132-5D59-5B2B-8FEA84933E54}.Release|Any CPU.Build.0 = Release|Any CPU
		{9ABCAAB1-7F9B-5F9E-F949-6B6F9028D4A9}.Debug|Any CPU.ActiveCfg = Debug|Any CPU
		{9ABCAAB1-7F9B-5F9E-F949-6B6F9028D4A9}.Debug|Any CPU.Build.0 = Debug|Any CPU
		{9ABCAAB1-7F9B-5F9E-F949-6B6F9028D4A9}.Release|Any CPU.ActiveCfg = Release|Any CPU
		{9ABCAAB1-7F9B-5F9E-F949-6B6F9028D4A9}.Release|Any CPU.Build.0 = Release|Any CPU
		{CC835DE8-ABDD-0A32-58BF-1ECEAF0FECD7}.Debug|Any CPU.ActiveCfg = Debug|Any CPU
		{CC835DE8-ABDD-0A32-58BF-1ECEAF0FECD7}.Debug|Any CPU.Build.0 = Debug|Any CPU
		{CC835DE8-ABDD-0A32-58BF-1ECEAF0FECD7}.Release|Any CPU.ActiveCfg = Release|Any CPU
		{CC835DE8-ABDD-0A32-58BF-1ECEAF0FECD7}.Release|Any CPU.Build.0 = Release|Any CPU
		{24703F72-60E8-3D63-2321-3A51EAEE773E}.Debug|Any CPU.ActiveCfg = Debug|Any CPU
		{24703F72-60E8-3D63-2321-3A51EAEE773E}.Debug|Any CPU.Build.0 = Debug|Any CPU
		{24703F72-60E8-3D63-2321-3A51EAEE773E}.Release|Any CPU.ActiveCfg = Release|Any CPU
		{24703F72-60E8-3D63-2321-3A51EAEE773E}.Release|Any CPU.Build.0 = Release|Any CPU
		{F6D5847E-E163-130D-6DC1-2E4B52DA041E}.Debug|Any CPU.ActiveCfg = Debug|Any CPU
		{F6D5847E-E163-130D-6DC1-2E4B52DA041E}.Debug|Any CPU.Build.0 = Debug|Any CPU
		{F6D5847E-E163-130D-6DC1-2E4B52DA041E}.Release|Any CPU.ActiveCfg = Release|Any CPU
		{F6D5847E-E163-130D-6DC1-2E4B52DA041E}.Release|Any CPU.Build.0 = Release|Any CPU
		{1B734DC8-EC83-5A0A-8412-CCD9D288FDC6}.Debug|Any CPU.ActiveCfg = Debug|Any CPU
		{1B734DC8-EC83-5A0A-8412-CCD9D288FDC6}.Debug|Any CPU.Build.0 = Debug|Any CPU
		{1B734DC8-EC83-5A0A-8412-CCD9D288FDC6}.Release|Any CPU.ActiveCfg = Release|Any CPU
		{1B734DC8-EC83-5A0A-8412-CCD9D288FDC6}.Release|Any CPU.Build.0 = Release|Any CPU
		{B62537EB-2428-FF58-D977-77E04EC061A1}.Debug|Any CPU.ActiveCfg = Debug|Any CPU
		{B62537EB-2428-FF58-D977-77E04EC061A1}.Debug|Any CPU.Build.0 = Debug|Any CPU
		{B62537EB-2428-FF58-D977-77E04EC061A1}.Release|Any CPU.ActiveCfg = Release|Any CPU
		{B62537EB-2428-FF58-D977-77E04EC061A1}.Release|Any CPU.Build.0 = Release|Any CPU
		{78A9343E-BB14-24F9-DE46-9574ADC0A6DE}.Debug|Any CPU.ActiveCfg = Debug|Any CPU
		{78A9343E-BB14-24F9-DE46-9574ADC0A6DE}.Debug|Any CPU.Build.0 = Debug|Any CPU
		{78A9343E-BB14-24F9-DE46-9574ADC0A6DE}.Release|Any CPU.ActiveCfg = Release|Any CPU
		{78A9343E-BB14-24F9-DE46-9574ADC0A6DE}.Release|Any CPU.Build.0 = Release|Any CPU
		{3339C7BC-E7B0-7457-63E7-F6D404C324C1}.Debug|Any CPU.ActiveCfg = Debug|Any CPU
		{3339C7BC-E7B0-7457-63E7-F6D404C324C1}.Debug|Any CPU.Build.0 = Debug|Any CPU
		{3339C7BC-E7B0-7457-63E7-F6D404C324C1}.Release|Any CPU.ActiveCfg = Release|Any CPU
		{3339C7BC-E7B0-7457-63E7-F6D404C324C1}.Release|Any CPU.Build.0 = Release|Any CPU
		{6D712B86-6C8C-AAB0-27EF-9E3F05923314}.Debug|Any CPU.ActiveCfg = Debug|Any CPU
		{6D712B86-6C8C-AAB0-27EF-9E3F05923314}.Debug|Any CPU.Build.0 = Debug|Any CPU
		{6D712B86-6C8C-AAB0-27EF-9E3F05923314}.Release|Any CPU.ActiveCfg = Release|Any CPU
		{6D712B86-6C8C-AAB0-27EF-9E3F05923314}.Release|Any CPU.Build.0 = Release|Any CPU
		{6232D3A5-C711-6DF7-A0BF-4DF2C9EAE050}.Debug|Any CPU.ActiveCfg = Debug|Any CPU
		{6232D3A5-C711-6DF7-A0BF-4DF2C9EAE050}.Debug|Any CPU.Build.0 = Debug|Any CPU
		{6232D3A5-C711-6DF7-A0BF-4DF2C9EAE050}.Release|Any CPU.ActiveCfg = Release|Any CPU
		{6232D3A5-C711-6DF7-A0BF-4DF2C9EAE050}.Release|Any CPU.Build.0 = Release|Any CPU
		{4B74FBFB-A7DF-E1EB-8365-0D24439EC5E3}.Debug|Any CPU.ActiveCfg = Debug|Any CPU
		{4B74FBFB-A7DF-E1EB-8365-0D24439EC5E3}.Debug|Any CPU.Build.0 = Debug|Any CPU
		{4B74FBFB-A7DF-E1EB-8365-0D24439EC5E3}.Release|Any CPU.ActiveCfg = Release|Any CPU
		{4B74FBFB-A7DF-E1EB-8365-0D24439EC5E3}.Release|Any CPU.Build.0 = Release|Any CPU
		{84687608-915C-BE92-1C36-5DAE9E0C4760}.Debug|Any CPU.ActiveCfg = Debug|Any CPU
		{84687608-915C-BE92-1C36-5DAE9E0C4760}.Debug|Any CPU.Build.0 = Debug|Any CPU
		{84687608-915C-BE92-1C36-5DAE9E0C4760}.Release|Any CPU.ActiveCfg = Release|Any CPU
		{84687608-915C-BE92-1C36-5DAE9E0C4760}.Release|Any CPU.Build.0 = Release|Any CPU
		{ED06BD64-B3E3-B2A6-16B4-7C572A372752}.Debug|Any CPU.ActiveCfg = Debug|Any CPU
		{ED06BD64-B3E3-B2A6-16B4-7C572A372752}.Debug|Any CPU.Build.0 = Debug|Any CPU
		{ED06BD64-B3E3-B2A6-16B4-7C572A372752}.Release|Any CPU.ActiveCfg = Release|Any CPU
		{ED06BD64-B3E3-B2A6-16B4-7C572A372752}.Release|Any CPU.Build.0 = Release|Any CPU
		{1F90DF3B-35AE-436C-08A4-91975358E435}.Debug|Any CPU.ActiveCfg = Debug|Any CPU
		{1F90DF3B-35AE-436C-08A4-91975358E435}.Debug|Any CPU.Build.0 = Debug|Any CPU
		{1F90DF3B-35AE-436C-08A4-91975358E435}.Release|Any CPU.ActiveCfg = Release|Any CPU
		{1F90DF3B-35AE-436C-08A4-91975358E435}.Release|Any CPU.Build.0 = Release|Any CPU
		{E74FB0D9-3B4C-8CD1-D6C0-E6C1A7D5E96E}.Debug|Any CPU.ActiveCfg = Debug|Any CPU
		{E74FB0D9-3B4C-8CD1-D6C0-E6C1A7D5E96E}.Debug|Any CPU.Build.0 = Debug|Any CPU
		{E74FB0D9-3B4C-8CD1-D6C0-E6C1A7D5E96E}.Release|Any CPU.ActiveCfg = Release|Any CPU
		{E74FB0D9-3B4C-8CD1-D6C0-E6C1A7D5E96E}.Release|Any CPU.Build.0 = Release|Any CPU
		{41317CEE-D22D-560E-99FE-8EC8DA7DBE7D}.Debug|Any CPU.ActiveCfg = Debug|Any CPU
		{41317CEE-D22D-560E-99FE-8EC8DA7DBE7D}.Debug|Any CPU.Build.0 = Debug|Any CPU
		{41317CEE-D22D-560E-99FE-8EC8DA7DBE7D}.Release|Any CPU.ActiveCfg = Release|Any CPU
		{41317CEE-D22D-560E-99FE-8EC8DA7DBE7D}.Release|Any CPU.Build.0 = Release|Any CPU
		{B46E2D54-D64B-FFE3-A337-B5C29525030F}.Debug|Any CPU.ActiveCfg = Debug|Any CPU
		{B46E2D54-D64B-FFE3-A337-B5C29525030F}.Debug|Any CPU.Build.0 = Debug|Any CPU
		{B46E2D54-D64B-FFE3-A337-B5C29525030F}.Release|Any CPU.ActiveCfg = Release|Any CPU
		{B46E2D54-D64B-FFE3-A337-B5C29525030F}.Release|Any CPU.Build.0 = Release|Any CPU
		{AD718B5D-A5D2-8DEB-2B4B-4B1EFB0A2F86}.Debug|Any CPU.ActiveCfg = Debug|Any CPU
		{AD718B5D-A5D2-8DEB-2B4B-4B1EFB0A2F86}.Debug|Any CPU.Build.0 = Debug|Any CPU
		{AD718B5D-A5D2-8DEB-2B4B-4B1EFB0A2F86}.Release|Any CPU.ActiveCfg = Release|Any CPU
		{AD718B5D-A5D2-8DEB-2B4B-4B1EFB0A2F86}.Release|Any CPU.Build.0 = Release|Any CPU
		{616EC664-6BC8-2F2C-7C7F-FF089E66936B}.Debug|Any CPU.ActiveCfg = Debug|Any CPU
		{616EC664-6BC8-2F2C-7C7F-FF089E66936B}.Debug|Any CPU.Build.0 = Debug|Any CPU
		{616EC664-6BC8-2F2C-7C7F-FF089E66936B}.Release|Any CPU.ActiveCfg = Release|Any CPU
		{616EC664-6BC8-2F2C-7C7F-FF089E66936B}.Release|Any CPU.Build.0 = Release|Any CPU
		{D1311318-7BEB-39C5-9EC9-E962C964E1C9}.Debug|Any CPU.ActiveCfg = Debug|Any CPU
		{D1311318-7BEB-39C5-9EC9-E962C964E1C9}.Debug|Any CPU.Build.0 = Debug|Any CPU
		{D1311318-7BEB-39C5-9EC9-E962C964E1C9}.Release|Any CPU.ActiveCfg = Release|Any CPU
		{D1311318-7BEB-39C5-9EC9-E962C964E1C9}.Release|Any CPU.Build.0 = Release|Any CPU
		{B9F36A54-DD4F-8732-DAC4-0778C3A1C115}.Debug|Any CPU.ActiveCfg = Debug|Any CPU
		{B9F36A54-DD4F-8732-DAC4-0778C3A1C115}.Debug|Any CPU.Build.0 = Debug|Any CPU
		{B9F36A54-DD4F-8732-DAC4-0778C3A1C115}.Release|Any CPU.ActiveCfg = Release|Any CPU
		{B9F36A54-DD4F-8732-DAC4-0778C3A1C115}.Release|Any CPU.Build.0 = Release|Any CPU
		{4AA14F67-96F7-A2FA-9EFD-996C1BEAF869}.Debug|Any CPU.ActiveCfg = Debug|Any CPU
		{4AA14F67-96F7-A2FA-9EFD-996C1BEAF869}.Debug|Any CPU.Build.0 = Debug|Any CPU
		{4AA14F67-96F7-A2FA-9EFD-996C1BEAF869}.Release|Any CPU.ActiveCfg = Release|Any CPU
		{4AA14F67-96F7-A2FA-9EFD-996C1BEAF869}.Release|Any CPU.Build.0 = Release|Any CPU
		{87D7852D-0612-9AF5-3989-8453AA53EC38}.Debug|Any CPU.ActiveCfg = Debug|Any CPU
		{87D7852D-0612-9AF5-3989-8453AA53EC38}.Debug|Any CPU.Build.0 = Debug|Any CPU
		{87D7852D-0612-9AF5-3989-8453AA53EC38}.Release|Any CPU.ActiveCfg = Release|Any CPU
		{87D7852D-0612-9AF5-3989-8453AA53EC38}.Release|Any CPU.Build.0 = Release|Any CPU
		{3D0ABC54-FA28-7BB4-A0AF-C0F12F5241E7}.Debug|Any CPU.ActiveCfg = Debug|Any CPU
		{3D0ABC54-FA28-7BB4-A0AF-C0F12F5241E7}.Debug|Any CPU.Build.0 = Debug|Any CPU
		{3D0ABC54-FA28-7BB4-A0AF-C0F12F5241E7}.Release|Any CPU.ActiveCfg = Release|Any CPU
		{3D0ABC54-FA28-7BB4-A0AF-C0F12F5241E7}.Release|Any CPU.Build.0 = Release|Any CPU
		{63A8979B-504E-E3D5-00E4-C6C2480B05AB}.Debug|Any CPU.ActiveCfg = Debug|Any CPU
		{63A8979B-504E-E3D5-00E4-C6C2480B05AB}.Debug|Any CPU.Build.0 = Debug|Any CPU
		{63A8979B-504E-E3D5-00E4-C6C2480B05AB}.Release|Any CPU.ActiveCfg = Release|Any CPU
		{63A8979B-504E-E3D5-00E4-C6C2480B05AB}.Release|Any CPU.Build.0 = Release|Any CPU
		{86A5CDA7-E63C-4D68-E6C7-28275F7CD659}.Debug|Any CPU.ActiveCfg = Debug|Any CPU
		{86A5CDA7-E63C-4D68-E6C7-28275F7CD659}.Debug|Any CPU.Build.0 = Debug|Any CPU
		{86A5CDA7-E63C-4D68-E6C7-28275F7CD659}.Release|Any CPU.ActiveCfg = Release|Any CPU
		{86A5CDA7-E63C-4D68-E6C7-28275F7CD659}.Release|Any CPU.Build.0 = Release|Any CPU
		{58AE014C-AF7E-BCD0-BDC1-6EAE2837E1DA}.Debug|Any CPU.ActiveCfg = Debug|Any CPU
		{58AE014C-AF7E-BCD0-BDC1-6EAE2837E1DA}.Debug|Any CPU.Build.0 = Debug|Any CPU
		{58AE014C-AF7E-BCD0-BDC1-6EAE2837E1DA}.Release|Any CPU.ActiveCfg = Release|Any CPU
		{58AE014C-AF7E-BCD0-BDC1-6EAE2837E1DA}.Release|Any CPU.Build.0 = Release|Any CPU
		{05A92AD9-7EED-CC86-AD8D-0FD120904919}.Debug|Any CPU.ActiveCfg = Debug|Any CPU
		{05A92AD9-7EED-CC86-AD8D-0FD120904919}.Debug|Any CPU.Build.0 = Debug|Any CPU
		{05A92AD9-7EED-CC86-AD8D-0FD120904919}.Release|Any CPU.ActiveCfg = Release|Any CPU
		{05A92AD9-7EED-CC86-AD8D-0FD120904919}.Release|Any CPU.Build.0 = Release|Any CPU
		{9036428F-C57B-1DDA-0CE9-787413F8FDD8}.Debug|Any CPU.ActiveCfg = Debug|Any CPU
		{9036428F-C57B-1DDA-0CE9-787413F8FDD8}.Debug|Any CPU.Build.0 = Debug|Any CPU
		{9036428F-C57B-1DDA-0CE9-787413F8FDD8}.Release|Any CPU.ActiveCfg = Release|Any CPU
		{9036428F-C57B-1DDA-0CE9-787413F8FDD8}.Release|Any CPU.Build.0 = Release|Any CPU
		{63D09F09-F285-99CD-2D73-0F1620FB0FEE}.Debug|Any CPU.ActiveCfg = Debug|Any CPU
		{63D09F09-F285-99CD-2D73-0F1620FB0FEE}.Debug|Any CPU.Build.0 = Debug|Any CPU
		{63D09F09-F285-99CD-2D73-0F1620FB0FEE}.Release|Any CPU.ActiveCfg = Release|Any CPU
		{63D09F09-F285-99CD-2D73-0F1620FB0FEE}.Release|Any CPU.Build.0 = Release|Any CPU
		{A4B51910-45C3-6D83-5019-5346217AFA4D}.Debug|Any CPU.ActiveCfg = Debug|Any CPU
		{A4B51910-45C3-6D83-5019-5346217AFA4D}.Debug|Any CPU.Build.0 = Debug|Any CPU
		{A4B51910-45C3-6D83-5019-5346217AFA4D}.Release|Any CPU.ActiveCfg = Release|Any CPU
		{A4B51910-45C3-6D83-5019-5346217AFA4D}.Release|Any CPU.Build.0 = Release|Any CPU
		{9FB95A85-028C-7FF0-88B3-D01822CF0380}.Debug|Any CPU.ActiveCfg = Debug|Any CPU
		{9FB95A85-028C-7FF0-88B3-D01822CF0380}.Debug|Any CPU.Build.0 = Debug|Any CPU
		{9FB95A85-028C-7FF0-88B3-D01822CF0380}.Release|Any CPU.ActiveCfg = Release|Any CPU
		{9FB95A85-028C-7FF0-88B3-D01822CF0380}.Release|Any CPU.Build.0 = Release|Any CPU
		{20375D0C-6F6F-51BE-9B5C-77E5DBE36502}.Debug|Any CPU.ActiveCfg = Debug|Any CPU
		{20375D0C-6F6F-51BE-9B5C-77E5DBE36502}.Debug|Any CPU.Build.0 = Debug|Any CPU
		{20375D0C-6F6F-51BE-9B5C-77E5DBE36502}.Release|Any CPU.ActiveCfg = Release|Any CPU
		{20375D0C-6F6F-51BE-9B5C-77E5DBE36502}.Release|Any CPU.Build.0 = Release|Any CPU
		{CC3F8AB6-7823-3069-B88F-9DC9719E7519}.Debug|Any CPU.ActiveCfg = Debug|Any CPU
		{CC3F8AB6-7823-3069-B88F-9DC9719E7519}.Debug|Any CPU.Build.0 = Debug|Any CPU
		{CC3F8AB6-7823-3069-B88F-9DC9719E7519}.Release|Any CPU.ActiveCfg = Release|Any CPU
		{CC3F8AB6-7823-3069-B88F-9DC9719E7519}.Release|Any CPU.Build.0 = Release|Any CPU
		{8204E05F-72DD-737F-631C-FFDF752148A0}.Debug|Any CPU.ActiveCfg = Debug|Any CPU
		{8204E05F-72DD-737F-631C-FFDF752148A0}.Debug|Any CPU.Build.0 = Debug|Any CPU
		{8204E05F-72DD-737F-631C-FFDF752148A0}.Release|Any CPU.ActiveCfg = Release|Any CPU
		{8204E05F-72DD-737F-631C-FFDF752148A0}.Release|Any CPU.Build.0 = Release|Any CPU
		{7DDE1219-3F96-6C32-82D7-D3505AAB0D89}.Debug|Any CPU.ActiveCfg = Debug|Any CPU
		{7DDE1219-3F96-6C32-82D7-D3505AAB0D89}.Debug|Any CPU.Build.0 = Debug|Any CPU
		{7DDE1219-3F96-6C32-82D7-D3505AAB0D89}.Release|Any CPU.ActiveCfg = Release|Any CPU
		{7DDE1219-3F96-6C32-82D7-D3505AAB0D89}.Release|Any CPU.Build.0 = Release|Any CPU
		{722E2DD5-FF35-188D-AD0C-68F4F82E12D0}.Debug|Any CPU.ActiveCfg = Debug|Any CPU
		{722E2DD5-FF35-188D-AD0C-68F4F82E12D0}.Debug|Any CPU.Build.0 = Debug|Any CPU
		{722E2DD5-FF35-188D-AD0C-68F4F82E12D0}.Release|Any CPU.ActiveCfg = Release|Any CPU
		{722E2DD5-FF35-188D-AD0C-68F4F82E12D0}.Release|Any CPU.Build.0 = Release|Any CPU
		{ECF57706-1A2B-171A-9456-9B8D8D0E672F}.Debug|Any CPU.ActiveCfg = Debug|Any CPU
		{ECF57706-1A2B-171A-9456-9B8D8D0E672F}.Debug|Any CPU.Build.0 = Debug|Any CPU
		{ECF57706-1A2B-171A-9456-9B8D8D0E672F}.Release|Any CPU.ActiveCfg = Release|Any CPU
		{ECF57706-1A2B-171A-9456-9B8D8D0E672F}.Release|Any CPU.Build.0 = Release|Any CPU
		{745B1710-CDFC-8B81-555D-377D52A53626}.Debug|Any CPU.ActiveCfg = Debug|Any CPU
		{745B1710-CDFC-8B81-555D-377D52A53626}.Debug|Any CPU.Build.0 = Debug|Any CPU
		{745B1710-CDFC-8B81-555D-377D52A53626}.Release|Any CPU.ActiveCfg = Release|Any CPU
		{745B1710-CDFC-8B81-555D-377D52A53626}.Release|Any CPU.Build.0 = Release|Any CPU
		{FF18A9A0-2C2F-CC52-6393-9A20349BA118}.Debug|Any CPU.ActiveCfg = Debug|Any CPU
		{FF18A9A0-2C2F-CC52-6393-9A20349BA118}.Debug|Any CPU.Build.0 = Debug|Any CPU
		{FF18A9A0-2C2F-CC52-6393-9A20349BA118}.Release|Any CPU.ActiveCfg = Release|Any CPU
		{FF18A9A0-2C2F-CC52-6393-9A20349BA118}.Release|Any CPU.Build.0 = Release|Any CPU
		{4054BBF1-F302-BB39-0BAE-9B9F0CA3BE79}.Debug|Any CPU.ActiveCfg = Debug|Any CPU
		{4054BBF1-F302-BB39-0BAE-9B9F0CA3BE79}.Debug|Any CPU.Build.0 = Debug|Any CPU
		{4054BBF1-F302-BB39-0BAE-9B9F0CA3BE79}.Release|Any CPU.ActiveCfg = Release|Any CPU
		{4054BBF1-F302-BB39-0BAE-9B9F0CA3BE79}.Release|Any CPU.Build.0 = Release|Any CPU
		{B9B12088-6D3B-A61B-4B0B-24BA3567E6E0}.Debug|Any CPU.ActiveCfg = Debug|Any CPU
		{B9B12088-6D3B-A61B-4B0B-24BA3567E6E0}.Debug|Any CPU.Build.0 = Debug|Any CPU
		{B9B12088-6D3B-A61B-4B0B-24BA3567E6E0}.Release|Any CPU.ActiveCfg = Release|Any CPU
		{B9B12088-6D3B-A61B-4B0B-24BA3567E6E0}.Release|Any CPU.Build.0 = Release|Any CPU
		{01D9047C-5ECC-62C6-C618-E1986DC59808}.Debug|Any CPU.ActiveCfg = Debug|Any CPU
		{01D9047C-5ECC-62C6-C618-E1986DC59808}.Debug|Any CPU.Build.0 = Debug|Any CPU
		{01D9047C-5ECC-62C6-C618-E1986DC59808}.Release|Any CPU.ActiveCfg = Release|Any CPU
		{01D9047C-5ECC-62C6-C618-E1986DC59808}.Release|Any CPU.Build.0 = Release|Any CPU
		{18465A63-21DC-7885-B75E-92388CF1C579}.Debug|Any CPU.ActiveCfg = Debug|Any CPU
		{18465A63-21DC-7885-B75E-92388CF1C579}.Debug|Any CPU.Build.0 = Debug|Any CPU
		{18465A63-21DC-7885-B75E-92388CF1C579}.Release|Any CPU.ActiveCfg = Release|Any CPU
		{18465A63-21DC-7885-B75E-92388CF1C579}.Release|Any CPU.Build.0 = Release|Any CPU
		{87BD9B47-30B5-3764-E8DC-7828E5D6DCC6}.Debug|Any CPU.ActiveCfg = Debug|Any CPU
		{87BD9B47-30B5-3764-E8DC-7828E5D6DCC6}.Debug|Any CPU.Build.0 = Debug|Any CPU
		{87BD9B47-30B5-3764-E8DC-7828E5D6DCC6}.Release|Any CPU.ActiveCfg = Release|Any CPU
		{87BD9B47-30B5-3764-E8DC-7828E5D6DCC6}.Release|Any CPU.Build.0 = Release|Any CPU
		{5EA2975F-5BF1-6976-0C4A-58D621415C39}.Debug|Any CPU.ActiveCfg = Debug|Any CPU
		{5EA2975F-5BF1-6976-0C4A-58D621415C39}.Debug|Any CPU.Build.0 = Debug|Any CPU
		{5EA2975F-5BF1-6976-0C4A-58D621415C39}.Release|Any CPU.ActiveCfg = Release|Any CPU
		{5EA2975F-5BF1-6976-0C4A-58D621415C39}.Release|Any CPU.Build.0 = Release|Any CPU
		{C76C62D7-8DE7-5C4B-FFCC-E184E9685A5E}.Debug|Any CPU.ActiveCfg = Debug|Any CPU
		{C76C62D7-8DE7-5C4B-FFCC-E184E9685A5E}.Debug|Any CPU.Build.0 = Debug|Any CPU
		{C76C62D7-8DE7-5C4B-FFCC-E184E9685A5E}.Release|Any CPU.ActiveCfg = Release|Any CPU
		{C76C62D7-8DE7-5C4B-FFCC-E184E9685A5E}.Release|Any CPU.Build.0 = Release|Any CPU
	EndGlobalSection
	GlobalSection(SolutionProperties) = preSolution
		HideSolutionNode = FALSE
	EndGlobalSection
EndGlobal
